version = 1
revision = 3
requires-python = "==3.12.*"

[[package]]
name = "arrow"
version = "1.4.0"
source = { registry = "https://pypi.org/simple" }
dependencies = [
    { name = "python-dateutil" },
    { name = "tzdata" },
]
sdist = { url = "https://files.pythonhosted.org/packages/b9/33/032cdc44182491aa708d06a68b62434140d8c50820a087fac7af37703357/arrow-1.4.0.tar.gz", hash = "sha256:ed0cc050e98001b8779e84d461b0098c4ac597e88704a655582b21d116e526d7", size = 152931, upload-time = "2025-10-18T17:46:46.761Z" }
wheels = [
    { url = "https://files.pythonhosted.org/packages/ed/c9/d7977eaacb9df673210491da99e6a247e93df98c715fc43fd136ce1d3d33/arrow-1.4.0-py3-none-any.whl", hash = "sha256:749f0769958ebdc79c173ff0b0670d59051a535fa26e8eba02953dc19eb43205", size = 68797, upload-time = "2025-10-18T17:46:45.663Z" },
]

[[package]]
name = "attrs"
version = "26.1.0"
source = { registry = "https://pypi.org/simple" }
sdist = { url = "https://files.pythonhosted.org/packages/9a/8e/82a0fe20a541c03148528be8cac2408564a6c9a0cc7e9171802bc1d26985/attrs-26.1.0.tar.gz", hash = "sha256:d03ceb89cb322a8fd706d4fb91940737b6642aa36998fe130a9bc96c985eff32", size = 952055, upload-time = "2026-03-19T14:22:25.026Z" }
wheels = [
    { url = "https://files.pythonhosted.org/packages/64/b4/17d4b0b2a2dc85a6df63d1157e028ed19f90d4cd97c36717afef2bc2f395/attrs-26.1.0-py3-none-any.whl", hash = "sha256:c647aa4a12dfbad9333ca4e71fe62ddc36f4e63b2d260a37a8b83d2f043ac309", size = 67548, upload-time = "2026-03-19T14:22:23.645Z" },
]

[[package]]
name = "colorama"
version = "0.4.6"
source = { registry = "https://pypi.org/simple" }
sdist = { url = "https://files.pythonhosted.org/packages/d8/53/6f443c9a4a8358a93a6792e2acffb9d9d5cb0a5cfd8802644b7b1c9a02e4/colorama-0.4.6.tar.gz", hash = "sha256:08695f5cb7ed6e0531a20572697297273c47b8cae5a63ffc6d6ed5c201be6e44", size = 27697, upload-time = "2022-10-25T02:36:22.414Z" }
wheels = [
    { url = "https://files.pythonhosted.org/packages/d1/d6/3965ed04c63042e047cb6a3e6ed1a63a35087b6a609aa3a15ed8ac56c221/colorama-0.4.6-py2.py3-none-any.whl", hash = "sha256:4f1d9991f5acc0ca119f9d443620b77f9d6b33703e51011c16baf57afb285fc6", size = 25335, upload-time = "2022-10-25T02:36:20.889Z" },
]

[[package]]
name = "fqdn"
version = "1.6.0"
source = { registry = "https://pypi.org/simple" }
sdist = { url = "https://files.pythonhosted.org/packages/02/01/248d44fbda9e78fa1a7b5a475194bef4c4a3e285db286419f3bb42f2efdf/fqdn-1.6.0.tar.gz", hash = "sha256:e39bf62e2a9481aa2cb780554fdfd944dd8ee5f230eb831684d539cbafed8de2", size = 130737, upload-time = "2026-09-28T05:43:35.482Z" }
wheels = [
    { url = "https://files.pythonhosted.org/packages/15/d5/a8f9149b97cced9e1f4bff92ff0b6206120e2c853ae774d7020d6ecd8fa8/fqdn-1.6.0-py3-none-any.whl", hash = "sha256:6c793c312ccfa29981e1135b3ef5e1277ebe639731a6b0f7350d90e96e63f0b4", size = 12569, upload-time = "2026-09-28T05:43:33.951Z" },
]

[[package]]
name = "idna"
version = "3.20"
source = { registry = "https://pypi.org/simple" }
sdist = { url = "https://files.pythonhosted.org/packages/f5/08/8eea9d4b8302028f3abb2c0813953f7aec26d33b7a8960ed760e65ff29fa/idna-3.20.tar.gz", hash = "sha256:a7db850025b95ded1eae8a46181a1a6c56c92c96f0e2b005d9ff8dc0210cab44", size = 216463, upload-time = "2026-09-17T14:11:04.752Z" }
wheels = [
    { url = "https://files.pythonhosted.org/packages/58/a2/bb081bab032533a855d44de1d56f8e8426114ff1ba5d1f07a438a0a654f8/idna-3.20-py3-none-any.whl", hash = "sha256:ab7ae7122974553370f0bdb919e1a960b2cd1bc1ef0276416d896db81c14582c", size = 69583, upload-time = "2026-09-17T14:11:03.168Z" },
]

[[package]]
name = "iniconfig"
version = "2.3.1"
source = { registry = "https://pypi.org/simple" }
sdist = { url = "https://files.pythonhosted.org/packages/01/e1/2069291243c926a2ff1cd706c7f3eeb9b62144bf60f77c9fb9ff2fb26bd3/iniconfig-2.3.1.tar.gz", hash = "sha256:67f4b9c50da0dedf52af349e7749a80a9057a5031199791b906c3bb3ae878960", size = 21209, upload-time = "2026-10-06T22:48:38.076Z" }
wheels = [
    { url = "https://files.pythonhosted.org/packages/56/43/4ca9e49d27a1fcf6bece6f6aec0ea46bb9112489b93d4b688fb415457bdb/iniconfig-2.3.1-py3-none-any.whl", hash = "sha256:9121e2c1fdb355232495be3194c8dfe87ccc2d5dee45947b78e68f499790d7a7", size = 7552, upload-time = "2026-10-06T22:48:36.959Z" },
]

[[package]]
name = "isoduration"
version = "20.11.0"
source = { registry = "https://pypi.org/simple" }
dependencies = [
    { name = "arrow" },
]
sdist = { url = "https://files.pythonhosted.org/packages/7c/1a/3c8edc664e06e6bd06cce40c6b22da5f1429aa4224d0c590f3be21c91ead/isoduration-20.11.0.tar.gz", hash = "sha256:ac2f9015137935279eac671f94f89eb00584f940f5dc49462a0c4ee692ba1bd9", size = 11649, upload-time = "2020-11-01T11:00:00.312Z" }
wheels = [
    { url = "https://files.pythonhosted.org/packages/7b/55/e5326141505c5d5e34c5e0935d2908a74e4561eca44108fbfb9c13d2911a/isoduration-20.11.0-py3-none-any.whl", hash = "sha256:b2904c2a4228c3d44f409c8ae8e2370eb21a26f7ac2ec5446df141dde3452042", size = 11321, upload-time = "2020-11-01T10:59:58.02Z" },
]

[[package]]
name = "jsonpointer"
version = "3.2.0"
source = { registry = "https://pypi.org/simple" }
sdist = { url = "https://files.pythonhosted.org/packages/5a/30/76a208d3eb75a5e2bcfec4e132c207ea1e22253d10b52a06c8ff3839dfc9/jsonpointer-3.2.0.tar.gz", hash = "sha256:807db557622fbe07a0d49e19cf4795a269d55eee5ba345fb9959d148eba5ef94", size = 11062, upload-time = "2026-10-07T13:37:16.283Z" }
wheels = [
    { url = "https://files.pythonhosted.org/packages/b6/b7/5b934a4fa2ea1e28177fb74a08de7aff8ee160fb6e5ddc6574c7af1a808d/jsonpointer-3.2.0-py3-none-any.whl", hash = "sha256:3e25c9bcadf5ae20c3420922234eaba1ae36ab9bef64cd72454aeaceb0b29aad", size = 8236, upload-time = "2026-10-07T13:37:15.167Z" },
]

[[package]]
name = "jsonschema"
version = "4.25.1"
source = { registry = "https://pypi.org/simple" }
dependencies = [
    { name = "attrs" },
    { name = "jsonschema-specifications" },
    { name = "referencing" },
    { name = "rpds-py" },
]
sdist = { url = "https://files.pythonhosted.org/packages/74/69/f7185de793a29082a9f3c7728268ffb31cb5095131a9c139a74078e27336/jsonschema-4.25.1.tar.gz", hash = "sha256:e4a9655ce0da0c0b67a085847e00a3a51449e1157f4f75e9fb5aa545e122eb85", size = 357342, upload-time = "2025-08-18T17:03:50.038Z" }
wheels = [
    { url = "https://files.pythonhosted.org/packages/bf/9c/8c95d856233c1f82500c2450b8c68576b4cf1c871db3afac5c34ff84e6fd/jsonschema-4.25.1-py3-none-any.whl", hash = "sha256:3fba0169e345c7175110351d456342c364814cfcf3b964ba4587f22915230a63", size = 90040, upload-time = "2025-08-18T17:03:48.373Z" },
]

[package.optional-dependencies]
format-nongpl = [
    { name = "fqdn" },
    { name = "idna" },
    { name = "isoduration" },
    { name = "jsonpointer" },
    { name = "rfc3339-validator" },
    { name = "rfc3986-validator" },
    { name = "rfc3987-syntax" },
    { name = "uri-template" },
    { name = "webcolors" },
]

[[package]]
name = "jsonschema-specifications"
version = "2025.9.1"
source = { registry = "https://pypi.org/simple" }
dependencies = [
    { name = "referencing" },
]
sdist = { url = "https://files.pythonhosted.org/packages/19/74/a633ee74eb36c44aa6d1095e7cc5569bebf04342ee146178e2d36600708b/jsonschema_specifications-2025.9.1.tar.gz", hash = "sha256:b540987f239e745613c7a9176f3edb72b832a4ac465cf02712288397832b5e8d", size = 32855, upload-time = "2025-09-08T01:34:59.186Z" }
wheels = [
    { url = "https://files.pythonhosted.org/packages/41/45/1a4ed80516f02155c51f51e8cedb3c1902296743db0bbc66608a0db2814f/jsonschema_specifications-2025.9.1-py3-none-any.whl", hash = "sha256:98802fee3a11ee76ecaca44429fda8a41bff98b00a0f2838151b113f210cc6fe", size = 18437, upload-time = "2025-09-08T01:34:57.871Z" },
]

[[package]]
name = "lark"
version = "1.3.1"
source = { registry = "https://pypi.org/simple" }
sdist = { url = "https://files.pythonhosted.org/packages/da/34/28fff3ab31ccff1fd4f6c7c7b0ceb2b6968d8ea4950663eadcb5720591a0/lark-1.3.1.tar.gz", hash = "sha256:b426a7a6d6d53189d318f2b6236ab5d6429eaf09259f1ca33eb716eed10d2905", size = 382732, upload-time = "2025-10-27T18:25:56.653Z" }
wheels = [
    { url = "https://files.pythonhosted.org/packages/82/3d/14ce75ef66813643812f3093ab17e46d3a206942ce7376d31ec2d36229e7/lark-1.3.1-py3-none-any.whl", hash = "sha256:c629b661023a014c37da873b4ff58a817398d12635d3bbb2c5a03be7fe5d1e12", size = 113151, upload-time = "2025-10-27T18:25:54.882Z" },
]

[[package]]
name = "otc-pipeline"
version = "0.1.0"
source = { editable = "." }
dependencies = [
    { name = "jsonschema", extra = ["format-nongpl"] },
]

[package.optional-dependencies]
parquet = [
    { name = "pyarrow" },
]

[package.dev-dependencies]
dev = [
    { name = "pyarrow" },
    { name = "pytest" },
]

[package.metadata]
requires-dist = [
    { name = "jsonschema", extras = ["format-nongpl"], specifier = "==4.25.1" },
    { name = "pyarrow", marker = "extra == 'parquet'", specifier = "==21.0.0" },
]
provides-extras = ["parquet"]

[package.metadata.requires-dev]
dev = [
    { name = "pyarrow", specifier = "==21.0.0" },
    { name = "pytest", specifier = "==8.4.2" },
]

[[package]]
name = "packaging"
version = "26.3"
source = { registry = "https://pypi.org/simple" }
sdist = { url = "https://files.pythonhosted.org/packages/7d/fa/3944b40b07da9ce895c0e6303a5ab7d53da063554f534556b134a54d6093/packaging-26.3.tar.gz", hash = "sha256:94edc256424af38762eb31306eed28beb9f0efc50a8837492c9d6fd6004aed79", size = 313412, upload-time = "2026-08-04T18:15:28.737Z" }
wheels = [
    { url = "https://files.pythonhosted.org/packages/63/34/ba1c580383c9eada3711951fef0795c80b829a078d72188184bcab9dd527/packaging-26.3-py3-none-any.whl", hash = "sha256:d7193f7c8e4e93f444fde0262bf90af30e16fa0ad0ad44cb553c87339b23cd1c", size = 129956, upload-time = "2026-08-04T18:15:27.159Z" },
]

[[package]]
name = "pluggy"
version = "1.6.0"
source = { registry = "https://pypi.org/simple" }
sdist = { url = "https://files.pythonhosted.org/packages/f9/e2/3e91f31a7d2b083fe6ef3fa267035b518369d9511ffab804f839851d2779/pluggy-1.6.0.tar.gz", hash = "sha256:7dcc130b76258d33b90f61b658791dede3486c3e6bfb003ee5c9bfb396dd22f3", size = 69412, upload-time = "2025-05-15T12:30:07.975Z" }
wheels = [
    { url = "https://files.pythonhosted.org/packages/54/20/4d324d65cc6d9205fabedc306948156824eb9f0ee1633355a8f7ec5c66bf/pluggy-1.6.0-py3-none-any.whl", hash = "sha256:e920276dd6813095e9377c0bc5566d94c932c33b27a3e3945d8389c374dd4746", size = 20538, upload-time = "2025-05-15T12:30:06.134Z" },
]

[[package]]
name = "pyarrow"
version = "21.0.0"
source = { registry = "https://pypi.org/simple" }
sdist = { url = "https://files.pythonhosted.org/packages/ef/c2/ea068b8f00905c06329a3dfcd40d0fcc2b7d0f2e355bdb25b65e0a0e4cd4/pyarrow-21.0.0.tar.gz", hash = "sha256:5051f2dccf0e283ff56335760cbc8622cf52264d67e359d5569541ac11b6d5bc", size = 1133487, upload-time = "2025-07-18T00:57:31.761Z" }
wheels = [
    { url = "https://files.pythonhosted.org/packages/ca/d4/d4f817b21aacc30195cf6a46ba041dd1be827efa4a623cc8bf39a1c2a0c0/pyarrow-21.0.0-cp312-cp312-macosx_12_0_arm64.whl", hash = "sha256:3a302f0e0963db37e0a24a70c56cf91a4faa0bca51c23812279ca2e23481fccd", size = 31160305, upload-time = "2025-07-18T00:55:35.373Z" },
    { url = "https://files.pythonhosted.org/packages/a2/9c/dcd38ce6e4b4d9a19e1d36914cb8e2b1da4e6003dd075474c4cfcdfe0601/pyarrow-21.0.0-cp312-cp312-macosx_12_0_x86_64.whl", hash = "sha256:b6b27cf01e243871390474a211a7922bfbe3bda21e39bc9160daf0da3fe48876", size = 32684264, upload-time = "2025-07-18T00:55:39.303Z" },
    { url = "https://files.pythonhosted.org/packages/4f/74/2a2d9f8d7a59b639523454bec12dba35ae3d0a07d8ab529dc0809f74b23c/pyarrow-21.0.0-cp312-cp312-manylinux_2_28_aarch64.whl", hash = "sha256:e72a8ec6b868e258a2cd2672d91f2860ad532d590ce94cdf7d5e7ec674ccf03d", size = 41108099, upload-time = "2025-07-18T00:55:42.889Z" },
    { url = "https://files.pythonhosted.org/packages/ad/90/2660332eeb31303c13b653ea566a9918484b6e4d6b9d2d46879a33ab0622/pyarrow-21.0.0-cp312-cp312-manylinux_2_28_x86_64.whl", hash = "sha256:b7ae0bbdc8c6674259b25bef5d2a1d6af5d39d7200c819cf99e07f7dfef1c51e", size = 42829529, upload-time = "2025-07-18T00:55:47.069Z" },
    { url = "https://files.pythonhosted.org/packages/33/27/1a93a25c92717f6aa0fca06eb4700860577d016cd3ae51aad0e0488ac899/pyarrow-21.0.0-cp312-cp312-musllinux_1_2_aarch64.whl", hash = "sha256:58c30a1729f82d201627c173d91bd431db88ea74dcaa3885855bc6203e433b82", size = 43367883, upload-time = "2025-07-18T00:55:53.069Z" },
    { url = "https://files.pythonhosted.org/packages/05/d9/4d09d919f35d599bc05c6950095e358c3e15148ead26292dfca1fb659b0c/pyarrow-21.0.0-cp312-cp312-musllinux_1_2_x86_64.whl", hash = "sha256:072116f65604b822a7f22945a7a6e581cfa28e3454fdcc6939d4ff6090126623", size = 45133802, upload-time = "2025-07-18T00:55:57.714Z" },
    { url = "https://files.pythonhosted.org/packages/71/30/f3795b6e192c3ab881325ffe172e526499eb3780e306a15103a2764916a2/pyarrow-21.0.0-cp312-cp312-win_amd64.whl", hash = "sha256:cf56ec8b0a5c8c9d7021d6fd754e688104f9ebebf1bf4449613c9531f5346a18", size = 26203175, upload-time = "2025-07-18T00:56:01.364Z" },
]

[[package]]
name = "pygments"
version = "2.21.0"
source = { registry = "https://pypi.org/simple" }
sdist = { url = "https://files.pythonhosted.org/packages/49/2e/ced460408999b33da6b31b0021b0f37d329e202d4169aeb164493778f25b/pygments-2.21.0.tar.gz", hash = "sha256:610ca751c9bc2492b38eb9a38a7fbc93edbbb2d7182edaf34e66ae493dee5c8c", size = 5005329, upload-time = "2026-08-17T08:02:48.824Z" }
wheels = [
    { url = "https://files.pythonhosted.org/packages/71/46/17f022dd3e953bf20a04a028a21ec746d942f8d2af30fa0f124fa0e6a684/pygments-2.21.0-py3-none-any.whl", hash = "sha256:2363c69b61c4a97c838da3b130dcd6468f4848992b21a82f2a63ec34377137d9", size = 1250147, upload-time = "2026-08-17T08:02:44.912Z" },
]

[[package]]
name = "pytest"
version = "8.4.2"
source = { registry = "https://pypi.org/simple" }
dependencies = [
    { name = "colorama", marker = "sys_platform == 'win32'" },
    { name = "iniconfig" },
    { name = "packaging" },
    { name = "pluggy" },
    { name = "pygments" },
]
sdist = { url = "https://files.pythonhosted.org/packages/a3/5c/00a0e072241553e1a7496d638deababa67c5058571567b92a7eaa258397c/pytest-8.4.2.tar.gz", hash = "sha256:86c0d0b93306b961d58d62a4db4879f27fe25513d4b969df351abdddb3c30e01", size = 1519618, upload-time = "2025-09-04T14:34:22.711Z" }
wheels = [
    { url = "https://files.pythonhosted.org/packages/a8/a4/20da314d277121d6534b3a980b29035dcd51e6744bd79075a6ce8fa4eb8d/pytest-8.4.2-py3-none-any.whl", hash = "sha256:872f880de3fc3a5bdc88a11b39c9710c3497a547cfa9320bc3c5e62fbf272e79", size = 365750, upload-time = "2025-09-04T14:34:20.226Z" },
]

[[package]]
name = "python-dateutil"
version = "2.9.0.post0"
source = { registry = "https://pypi.org/simple" }
dependencies = [
    { name = "six" },
]
sdist = { url = "https://files.pythonhosted.org/packages/66/c0/0c8b6ad9f17a802ee498c46e004a0eb49bc148f2fd230864601a86dcf6db/python-dateutil-2.9.0.post0.tar.gz", hash = "sha256:37dd54208da7e1cd875388217d5e00ebd4179249f90fb72437e91a35459a0ad3", size = 342432, upload-time = "2024-03-01T18:36:20.211Z" }
wheels = [
    { url = "https://files.pythonhosted.org/packages/ec/57/56b9bcc3c9c6a792fcbaf139543cee77261f3651ca9da0c93f5c1221264b/python_dateutil-2.9.0.post0-py2.py3-none-any.whl", hash = "sha256:a8b2bc7bffae282281c8140a97d3aa9c14da0b136dfe83f850eea9a5f7470427", size = 229892, upload-time = "2024-03-01T18:36:18.57Z" },
]

[[package]]
name = "referencing"
version = "0.37.0"
source = { registry = "https://pypi.org/simple" }
dependencies = [
    { name = "attrs" },
    { name = "rpds-py" },
    { name = "typing-extensions" },
]
sdist = { url = "https://files.pythonhosted.org/packages/22/f5/df4e9027acead3ecc63e50fe1e36aca1523e1719559c499951bb4b53188f/referencing-0.37.0.tar.gz", hash = "sha256:44aefc3142c5b842538163acb373e24cce6632bd54bdb01b21ad5863489f50d8", size = 78036, upload-time = "2025-10-13T15:30:48.871Z" }
wheels = [
    { url = "https://files.pythonhosted.org/packages/2c/58/ca301544e1fa93ed4f80d724bf5b194f6e4b945841c5bfd555878eea9fcb/referencing-0.37.0-py3-none-any.whl", hash = "sha256:381329a9f99628c9069361716891d34ad94af76e461dcb0335825aecc7692231", size = 26766, upload-time = "2025-10-13T15:30:47.625Z" },
]

[[package]]
name = "rfc3339-validator"
version = "0.1.4"
source = { registry = "https://pypi.org/simple" }
dependencies = [
    { name = "six" },
]
sdist = { url = "https://files.pythonhosted.org/packages/28/ea/a9387748e2d111c3c2b275ba970b735e04e15cdb1eb30693b6b5708c4dbd/rfc3339_validator-0.1.4.tar.gz", hash = "sha256:138a2abdf93304ad60530167e51d2dfb9549521a836871b88d7f4695d0022f6b", size = 5513, upload-time = "2021-05-12T16:37:54.178Z" }
wheels = [
    { url = "https://files.pythonhosted.org/packages/7b/44/4e421b96b67b2daff264473f7465db72fbdf36a07e05494f50300cc7b0c6/rfc3339_validator-0.1.4-py2.py3-none-any.whl", hash = "sha256:24f6ec1eda14ef823da9e36ec7113124b39c04d50a4d3d3a3c2859577e7791fa", size = 3490, upload-time = "2021-05-12T16:37:52.536Z" },
]

[[package]]
name = "rfc3986-validator"
version = "0.1.1"
source = { registry = "https://pypi.org/simple" }
sdist = { url = "https://files.pythonhosted.org/packages/da/88/f270de456dd7d11dcc808abfa291ecdd3f45ff44e3b549ffa01b126464d0/rfc3986_validator-0.1.1.tar.gz", hash = "sha256:3d44bde7921b3b9ec3ae4e3adca370438eccebc676456449b145d533b240d055", size = 6760, upload-time = "2019-10-28T16:00:19.144Z" }
wheels = [
    { url = "https://files.pythonhosted.org/packages/9e/51/17023c0f8f1869d8806b979a2bffa3f861f26a3f1a66b094288323fba52f/rfc3986_validator-0.1.1-py2.py3-none-any.whl", hash = "sha256:2f235c432ef459970b4306369336b9d5dbdda31b510ca1e327636e01f528bfa9", size = 4242, upload-time = "2019-10-28T16:00:13.976Z" },
]

[[package]]
name = "rfc3987-syntax"
version = "1.1.0"
source = { registry = "https://pypi.org/simple" }
dependencies = [
    { name = "lark" },
]
sdist = { url = "https://files.pythonhosted.org/packages/2c/06/37c1a5557acf449e8e406a830a05bf885ac47d33270aec454ef78675008d/rfc3987_syntax-1.1.0.tar.gz", hash = "sha256:717a62cbf33cffdd16dfa3a497d81ce48a660ea691b1ddd7be710c22f00b4a0d", size = 14239, upload-time = "2025-07-18T01:05:05.015Z" }
wheels = [
    { url = "https://files.pythonhosted.org/packages/7e/71/44ce230e1b7fadd372515a97e32a83011f906ddded8d03e3c6aafbdedbb7/rfc3987_syntax-1.1.0-py3-none-any.whl", hash = "sha256:6c3d97604e4c5ce9f714898e05401a0445a641cfa276432b0a648c80856f6a3f", size = 8046, upload-time = "2025-07-18T01:05:03.843Z" },
]

[[package]]
name = "rpds-py"
version = "2026.9.1"
source = { registry = "https://pypi.org/simple" }
sdist = { url = "https://files.pythonhosted.org/packages/42/68/3bd46b8a5e01d3c2ebdf9c5e9497912e3fe0cde02bac21a7130ca866e403/rpds_py-2026.9.1.tar.gz", hash = "sha256:4793ef7f78268b124b73fa933440f01d258bbae01de9fa53e9080c9ab0425a12", size = 63948, upload-time = "2026-10-04T16:32:36.469Z" }
wheels = [
    { url = "https://files.pythonhosted.org/packages/5d/34/a828586ea3329fbb50895b50e9cf98ca3d924a9f41a0b26d443bff1b3794/rpds_py-2026.9.1-cp312-cp312-macosx_10_12_x86_64.whl", hash = "sha256:50906f5aea24b5a865cbd0a589698288631d9f3a54c3a937c83aefa95a0d14af", size = 346822, upload-time = "2026-10-04T16:29:16.258Z" },
    { url = "https://files.pythonhosted.org/packages/90/81/ac6a0d064982251856ce009c9e1dd51a34110b3c055aa7d1aad18b4899a3/rpds_py-2026.9.1-cp312-cp312-macosx_11_0_arm64.whl", hash = "sha256:e21c1429e205828ea886a2293a4a2c8e01f4c25d9893ca330e97a6cf73f52e7b", size = 341380, upload-time = "2026-10-04T16:29:17.706Z" },
    { url = "https://files.pythonhosted.org/packages/42/ff/bf7d54f362748fd6a49277b9d6531c394074110fedf50ad791ec59133fbb/rpds_py-2026.9.1-cp312-cp312-manylinux_2_17_aarch64.manylinux2014_aarch64.whl", hash = "sha256:2693b2728bbcc48d09a981a356954b0c47c53ff25b545856f28a889ea619f69a", size = 373053, upload-time = "2026-10-04T16:29:19.063Z" },
    { url = "https://files.pythonhosted.org/packages/60/de/74b0ccdbbd28687b9b5fdb34c1cabed88352182facaced9d6f5486b8b9ed/rpds_py-2026.9.1-cp312-cp312-manylinux_2_17_armv7l.manylinux2014_armv7l.whl", hash = "sha256:8601470267d938bcb7f3ab1a336100af51a4fd5b6ed030ef52461bb3ef5e7e07", size = 377742, upload-time = "2026-10-04T16:29:20.543Z" },
    { url = "https://files.pythonhosted.org/packages/c2/6d/b979775a3057b2a5c26d75ecbff60a20a24ef081db6dd76836fca3f20247/rpds_py-2026.9.1-cp312-cp312-manylinux_2_17_ppc64le.manylinux2014_ppc64le.whl", hash = "sha256:3890a6aa36e6baa53d5258a2a25d3ef8b37ad165a6ab27a892d7c3e3a432cd69", size = 487289, upload-time = "2026-10-04T16:29:21.958Z" },
    { url = "https://files.pythonhosted.org/packages/1d/5d/7c34734ce3ece943d9d6ee0122a74a21bbc75b47acb5b7053c83f6efb1ed/rpds_py-2026.9.1-cp312-cp312-manylinux_2_17_s390x.manylinux2014_s390x.whl", hash = "sha256:6b5b393eda5ea42cca1c1a6665f2a4882b4fd5d1777e41ce0545a107fb008c9d", size = 390710, upload-time = "2026-10-04T16:29:23.378Z" },
    { url = "https://files.pythonhosted.org/packages/1d/6d/b26eb1e75395925b3a142ed351cbed2ec8212f5c9d937aee3df32c701baa/rpds_py-2026.9.1-cp312-cp312-manylinux_2_17_x86_64.manylinux2014_x86_64.whl", hash = "sha256:addeda51556dac7c1a2f14cda62db8b621cd12afba3091d03a96c72932387eab", size = 371261, upload-time = "2026-10-04T16:29:25.1Z" },
    { url = "https://files.pythonhosted.org/packages/7c/98/b2fdfe10301a9e27af21e634337fbba7baac0bc17fe44619a17c26bba2cb/rpds_py-2026.9.1-cp312-cp312-manylinux_2_31_riscv64.whl", hash = "sha256:d9edf30457d74eebfd76b045535e36f1cd89062566a128a0db2145ca042d787e", size = 376075, upload-time = "2026-10-04T16:29:26.748Z" },
    { url = "https://files.pythonhosted.org/packages/c5/b1/c4b8d954e49c3c69cf8063c0c9e0919c99f3d2cecc46311606a1cbe835dc/rpds_py-2026.9.1-cp312-cp312-manylinux_2_5_i686.manylinux1_i686.whl", hash = "sha256:815d26356930846a40c7bc1366e7b1b0320ab8a063e66c11298a208bed0fd237", size = 399358, upload-time = "2026-10-04T16:29:28.282Z" },
    { url = "https://files.pythonhosted.org/packages/b3/59/9559a7293c97dff0cbb293efffbd36644103883ecc27741af8ef90c84ca8/rpds_py-2026.9.1-cp312-cp312-musllinux_1_2_aarch64.whl", hash = "sha256:3b5a6f40f0a1486b4b36c888123afc67acdbd9f33235927acf5ff295429a0ba3", size = 550267, upload-time = "2026-10-04T16:29:29.851Z" },
    { url = "https://files.pythonhosted.org/packages/6c/9d/6dc60e49511de4c8b00e74f9c1d43aed4d27f712cdb1ade92f2c199cbf64/rpds_py-2026.9.1-cp312-cp312-musllinux_1_2_i686.whl", hash = "sha256:b5b8b0753718d258fd454283fbd57e14545d3b40583fa672e27cb4f987626bcc", size = 614018, upload-time = "2026-10-04T16:29:31.54Z" },
    { url = "https://files.pythonhosted.org/packages/fb/bc/92a4ecf27301b886232a413360f6b348a81d55ffef654f2ebda5970ebc3d/rpds_py-2026.9.1-cp312-cp312-musllinux_1_2_x86_64.whl", hash = "sha256:46d80bc76b51a6c24f9944368c28d38b8bcbcea1da4f2f8d3ebc31a67e8c6ec6", size = 578509, upload-time = "2026-10-04T16:29:33.01Z" },
    { url = "https://files.pythonhosted.org/packages/08/53/efb97f2e6589b7ab8394385a73870e0b2ab2a195281c117b21fd6d7d4855/rpds_py-2026.9.1-cp312-cp312-win32.whl", hash = "sha256:befc2d6a953e563f8a7bfd87a42c22ebf8a3e980dcb7b6a4d17b70b0e914e8a3", size = 205401, upload-time = "2026-10-04T16:29:34.451Z" },
    { url = "https://files.pythonhosted.org/packages/1c/84/1700cc748d0eaa747486e4e82882d2575224e6e9a3148df583058850c629/rpds_py-2026.9.1-cp312-cp312-win_amd64.whl", hash = "sha256:5ce8943f79c2210f7abcc28e86367b03b28d95027fd01c46d2472373ae70c86f", size = 222923, upload-time = "2026-10-04T16:29:35.709Z" },
    { url = "https://files.pythonhosted.org/packages/c3/89/0302215373c2f8b4408b0fdfee955368cc378a98ff59508d47a7e0dc2dbf/rpds_py-2026.9.1-cp312-cp312-win_arm64.whl", hash = "sha256:501909f2e4a1e2dee528ef766fe3c469060ebc17e54a8383d404ba07a81a6f02", size = 218415, upload-time = "2026-10-04T16:29:37.263Z" },
    { url = "https://files.pythonhosted.org/packages/a3/90/a9ba81408369d34c1aca73319c15adc91ed45c1d21e9e8ee4832ffb7fe0b/rpds_py-2026.9.1-pp312-pypy312_pp73-manylinux_2_17_aarch64.manylinux2014_aarch64.whl", hash = "sha256:6cdc537c8633d7fd92a82e2e0d2ab74320a3f63d5e59fb9cf08711e08fe151c4", size = 381109, upload-time = "2026-10-04T16:32:08.994Z" },
    { url = "https://files.pythonhosted.org/packages/b3/44/5192a0bed94cec86bd2a5e1cc5a1bb8f7eec3aec907eacd2deb13e87e326/rpds_py-2026.9.1-pp312-pypy312_pp73-manylinux_2_17_armv7l.manylinux2014_armv7l.whl", hash = "sha256:10e208f2425d973938afcd56e28a7c4be32e27b6a60b5d381f49fb9d8acf9759", size = 388222, upload-time = "2026-10-04T16:32:11.321Z" },
    { url = "https://files.pythonhosted.org/packages/92/cd/5356549711448f18b52f7a11ffbe90f1228774996fbf3c6cd1b18d22abaf/rpds_py-2026.9.1-pp312-pypy312_pp73-manylinux_2_17_ppc64le.manylinux2014_ppc64le.whl", hash = "sha256:6c0dbbcc19735fe5f8b0a54c07659d154a9e69f47e15d0a6ab7299215daf62cb", size = 500384, upload-time = "2026-10-04T16:32:13.478Z" },
    { url = "https://files.pythonhosted.org/packages/7a/88/ddda9d28adfe33119c75b2e733d4ba7e326f41d7e1b1093951771768ca48/rpds_py-2026.9.1-pp312-pypy312_pp73-manylinux_2_17_s390x.manylinux2014_s390x.whl", hash = "sha256:684fd492fff4fead00587544e059be2bbcb6f93454f21fa2a91b66fc7508be82", size = 401661, upload-time = "2026-10-04T16:32:15.653Z" },
    { url = "https://files.pythonhosted.org/packages/32/c3/bb59ba16a6b4a57995d15b8c04c00f28df3b938c4dcdde48fbe0f73edb0c/rpds_py-2026.9.1-pp312-pypy312_pp73-manylinux_2_17_x86_64.manylinux2014_x86_64.whl", hash = "sha256:d1028417bb44037eb3069c1009bd7b7277212876cda22fbe565b0bca9fab6d2c", size = 380748, upload-time = "2026-10-04T16:32:17.727Z" },
    { url = "https://files.pythonhosted.org/packages/f5/b8/0580faa1c5a32ddc160130dd7ae54d2d007272a89a40a6b5db3e50f9f585/rpds_py-2026.9.1-pp312-pypy312_pp73-manylinux_2_31_riscv64.whl", hash = "sha256:492e5e428cbe126221611f47e068f01660352feec4ad18bc0f5ea9b2ae88fb14", size = 385731, upload-time = "2026-10-04T16:32:19.855Z" },
    { url = "https://files.pythonhosted.org/packages/bf/70/f73564642bbe3322c7eeef2c2f258cf040b71c41a430b532e59d04a1b838/rpds_py-2026.9.1-pp312-pypy312_pp73-manylinux_2_5_i686.manylinux1_i686.whl", hash = "sha256:88b5268892fde430d5531f95bc560b6efbbd67c929662c586afd729a96e7461c", size = 412131, upload-time = "2026-10-04T16:32:22.285Z" },
    { url = "https://files.pythonhosted.org/packages/8c/5d/17fff2e1f8f68721a2afb5cb48f7e442c751bb6b4883157c5abaf618cd08/rpds_py-2026.9.1-pp312-pypy312_pp73-musllinux_1_2_aarch64.whl", hash = "sha256:01445c8d194aa032a08e944f16567672da1c62dbdbefd8b6d0693032e290cf68", size = 558193, upload-time = "2026-10-04T16:32:24.4Z" },
    { url = "https://files.pythonhosted.org/packages/2a/d0/869ab6fb08531f97aae4a780b4d61b4190d8aef48fe054ee28bcf7114466/rpds_py-2026.9.1-pp312-pypy312_pp73-musllinux_1_2_i686.whl", hash = "sha256:eef6a03b0b6d08d0835ccfa8ec8d1bc70525e3801387567137b50c557695e6da", size = 622448, upload-time = "2026-10-04T16:32:26.844Z" },
    { url = "https://files.pythonhosted.org/packages/ba/a5/9672e532fe02cd3b92c78cfd8743abca939d96853006c63835009a1ecb6f/rpds_py-2026.9.1-pp312-pypy312_pp73-musllinux_1_2_x86_64.whl", hash = "sha256:6b9bf3135b4ad5981df9a73d71a35272d650a2985ae9c2746357b24d59de2448", size = 591126, upload-time = "2026-10-04T16:32:29.274Z" },
    { url = "https://files.pythonhosted.org/packages/80/ef/3a9f8e4279c7920af561deed4cb7ebebed2794a8f608cf404d5eef14a105/rpds_py-2026.9.1-pp312-pypy312_pp80-macosx_10_12_x86_64.whl", hash = "sha256:56c6952a9b15047466d0c2347c446a761d4527f89976156341e68f0ce5cc08b0", size = 357108, upload-time = "2026-10-04T16:32:31.641Z" },
    { url = "https://files.pythonhosted.org/packages/b7/55/4b2fa381a583760aea5c92841e4e928a358e1c6511b129219e9c2826a226/rpds_py-2026.9.1-pp312-pypy312_pp80-macosx_11_0_arm64.whl", hash = "sha256:b242c27c8f836305a4a72df9cdd564386ac57b807bd252a063223331c9316b37", size = 346877, upload-time = "2026-10-04T16:32:34.061Z" },
]

[[package]]
name = "six"
version = "1.17.0"
source = { registry = "https://pypi.org/simple" }
sdist = { url = "https://files.pythonhosted.org/packages/94/e7/b2c673351809dca68a0e064b6af791aa332cf192da575fd474ed7d6f16a2/six-1.17.0.tar.gz", hash = "sha256:ff70335d468e7eb6ec65b95b99d3a2836546063f63acc5171de367e834932a81", size = 34031, upload-time = "2024-12-04T17:35:28.174Z" }
wheels = [
    { url = "https://files.pythonhosted.org/packages/b7/ce/149a00dd41f10bc29e5921b496af8b574d8413afcd5e30dfa0ed46c2cc5e/six-1.17.0-py2.py3-none-any.whl", hash = "sha256:4721f391ed90541fddacab5acf947aa0d3dc7d27b2e1e8eda2be8970586c3274", size = 11050, upload-time = "2024-12-04T17:35:26.475Z" },
]

[[package]]
name = "typing-extensions"
version = "4.16.0"
source = { registry = "https://pypi.org/simple" }
sdist = { url = "https://files.pythonhosted.org/packages/f6/cc/6253133b5bb138fc3306cebfbda2c520f545d36b5be2c7255cc528bb45d6/typing_extensions-4.16.0.tar.gz", hash = "sha256:dc983d19a509c94dba722ee6abd33940f7c05a89e243c47e907eb4db6f1a43e5", size = 113555, upload-time = "2026-07-02T08:40:05.92Z" }
wheels = [
    { url = "https://files.pythonhosted.org/packages/49/d3/b8441a820a491ddfc024b0b0cf0393375b75ea13866d9c66727e54c2fc80/typing_extensions-4.16.0-py3-none-any.whl", hash = "sha256:481caa481374e813c1b176ada14e97f1f67a4539ce9cfeb3f350d78d6370c2e8", size = 45571, upload-time = "2026-07-02T08:40:04.659Z" },
]

[[package]]
name = "tzdata"
version = "2026.5"
source = { registry = "https://pypi.org/simple" }
sdist = { url = "https://files.pythonhosted.org/packages/d9/68/f1b440335057bfce71b6e50a9d09445aa2ecbd08359a337976627b8409e7/tzdata-2026.5.tar.gz", hash = "sha256:8cc73c0a0bfca7dbfa59235d60b2eff82231dee33f53d206db1acd9173cfc0a7", size = 200404, upload-time = "2026-10-03T09:23:14.143Z" }
wheels = [
    { url = "https://files.pythonhosted.org/packages/94/21/1e5995a1c920cce14e4bffae20c665ec10e7ed03ab25e006cd741092b718/tzdata-2026.5-py2.py3-none-any.whl", hash = "sha256:b683bd1b6659ddcd810ff02ad09ba821d4bf1065072805063eb35c49617905ac", size = 347996, upload-time = "2026-10-03T09:23:12.535Z" },
]

[[package]]
name = "uri-template"
version = "1.3.0"
source = { registry = "https://pypi.org/simple" }
sdist = { url = "https://files.pythonhosted.org/packages/31/c7/0336f2bd0bcbada6ccef7aaa25e443c118a704f828a0620c6fa0207c1b64/uri-template-1.3.0.tar.gz", hash = "sha256:0e00f8eb65e18c7de20d595a14336e9f337ead580c70934141624b6d1ffdacc7", size = 21678, upload-time = "2023-06-21T01:49:05.374Z" }
wheels = [
    { url = "https://files.pythonhosted.org/packages/e7/00/3fca040d7cf8a32776d3d81a00c8ee7457e00f80c649f1e4a863c8321ae9/uri_template-1.3.0-py3-none-any.whl", hash = "sha256:a44a133ea12d44a0c0f06d7d42a52d71282e77e2f937d8abd5655b8d56fc1363", size = 11140, upload-time = "2023-06-21T01:49:03.467Z" },
]

[[package]]
name = "webcolors"
version = "25.10.0"
source = { registry = "https://pypi.org/simple" }
sdist = { url = "https://files.pythonhosted.org/packages/1d/7a/eb316761ec35664ea5174709a68bbd3389de60d4a1ebab8808bfc264ed67/webcolors-25.10.0.tar.gz", hash = "sha256:62abae86504f66d0f6364c2a8520de4a0c47b80c03fc3a5f1815fedbef7c19bf", size = 53491, upload-time = "2025-10-31T07:51:03.977Z" }
wheels = [
    { url = "https://files.pythonhosted.org/packages/e2/cc/e097523dd85c9cf5d354f78310927f1656c422bd7b2613b2db3e3f9a0f2c/webcolors-25.10.0-py3-none-any.whl", hash = "sha256:032c727334856fc0b968f63daa252a1ac93d33db2f5267756623c210e57a4f1d", size = 14905, upload-time = "2025-10-31T07:51:01.778Z" },
]
